
Microsoft Visual Studio Solution File, Format Version 11.00
# Visual Studio 2010
Project("{FAE04EC0-301F-11D3-BF4B-00C04F79EFBC}") = "S.C.A.B.R.E.P", "S.C.A.B.R.E.P\S.C.A.B.R.E.P.csproj", "{8D602DAA-14D5-45F2-B599-DEFC636FAD89}"
EndProject
Project("{FAE04EC0-301F-11D3-BF4B-00C04F79EFBC}") = "S.C.A.B.R.E.P.AccesoDatos", "S.C.A.B.R.E.P.AccesoDatos\S.C.A.B.R.E.P.AccesoDatos.csproj", "{3FDBF9B9-0688-4F7D-ADEA-DF08BB1CAFA2}"
EndProject
Project("{54435603-DBB4-11D2-8724-00A0C9A8B90C}") = "S.C.A.B.R.E.P_V2016", "S.C.A.B.R.E.P_V2016\S.C.A.B.R.E.P_V2016.vdproj", "{9A276FA7-90A7-4A00-99A7-74C91DCE4F47}"
EndProject
Global
	GlobalSection(SolutionConfigurationPlatforms) = preSolution
		Debug|Any CPU = Debug|Any CPU
		Debug|Mixed Platforms = Debug|Mixed Platforms
		Debug|x86 = Debug|x86
		Release|Any CPU = Release|Any CPU
		Release|Mixed Platforms = Release|Mixed Platforms
		Release|x86 = Release|x86
	EndGlobalSection
	GlobalSection(ProjectConfigurationPlatforms) = postSolution
		{8D602DAA-14D5-45F2-B599-DEFC636FAD89}.Debug|Any CPU.ActiveCfg = Debug|x86
		{8D602DAA-14D5-45F2-B599-DEFC636FAD89}.Debug|Mixed Platforms.ActiveCfg = Debug|x86
		{8D602DAA-14D5-45F2-B599-DEFC636FAD89}.Debug|Mixed Platforms.Build.0 = Debug|x86
		{8D602DAA-14D5-45F2-B599-DEFC636FAD89}.Debug|x86.ActiveCfg = Debug|x86
		{8D602DAA-14D5-45F2-B599-DEFC636FAD89}.Debug|x86.Build.0 = Debug|x86
		{8D602DAA-14D5-45F2-B599-DEFC636FAD89}.Release|Any CPU.ActiveCfg = Release|x86
		{8D602DAA-14D5-45F2-B599-DEFC636FAD89}.Release|Mixed Platforms.ActiveCfg = Release|x86
		{8D602DAA-14D5-45F2-B599-DEFC636FAD89}.Release|Mixed Platforms.Build.0 = Release|x86
		{8D602DAA-14D5-45F2-B599-DEFC636FAD89}.Release|x86.ActiveCfg = Release|x86
		{8D602DAA-14D5-45F2-B599-DEFC636FAD89}.Release|x86.Build.0 = Release|x86
		{3FDBF9B9-0688-4F7D-ADEA-DF08BB1CAFA2}.Debug|Any CPU.ActiveCfg = Debug|Any CPU
		{3FDBF9B9-0688-4F7D-ADEA-DF08BB1CAFA2}.Debug|Any CPU.Build.0 = Debug|Any CPU
		{3FDBF9B9-0688-4F7D-ADEA-DF08BB1CAFA2}.Debug|Mixed Platforms.ActiveCfg = Debug|Any CPU
		{3FDBF9B9-0688-4F7D-ADEA-DF08BB1CAFA2}.Debug|Mixed Platforms.Build.0 = Debug|Any CPU
		{3FDBF9B9-0688-4F7D-ADEA-DF08BB1CAFA2}.Debug|x86.ActiveCfg = Debug|Any CPU
		{3FDBF9B9-0688-4F7D-ADEA-DF08BB1CAFA2}.Release|Any CPU.ActiveCfg = Release|Any CPU
		{3FDBF9B9-0688-4F7D-ADEA-DF08BB1CAFA2}.Release|Any CPU.Build.0 = Release|Any CPU
		{3FDBF9B9-0688-4F7D-ADEA-DF08BB1CAFA2}.Release|Mixed Platforms.ActiveCfg = Release|Any CPU
		{3FDBF9B9-0688-4F7D-ADEA-DF08BB1CAFA2}.Release|Mixed Platforms.Build.0 = Release|Any CPU
		{3FDBF9B9-0688-4F7D-ADEA-DF08BB1CAFA2}.Release|x86.ActiveCfg = Release|Any CPU
		{9A276FA7-90A7-4A00-99A7-74C91DCE4F47}.Debug|Any CPU.ActiveCfg = Debug
		{9A276FA7-90A7-4A00-99A7-74C91DCE4F47}.Debug|Mixed Platforms.ActiveCfg = Debug
		{9A276FA7-90A7-4A00-99A7-74C91DCE4F47}.Debug|x86.ActiveCfg = Debug
		{9A276FA7-90A7-4A00-99A7-74C91DCE4F47}.Release|Any CPU.ActiveCfg = Release
		{9A276FA7-90A7-4A00-99A7-74C91DCE4F47}.Release|Mixed Platforms.ActiveCfg = Release
		{9A276FA7-90A7-4A00-99A7-74C91DCE4F47}.Release|x86.ActiveCfg = Release
	EndGlobalSection
	GlobalSection(SolutionProperties) = preSolution
		HideSolutionNode = FALSE
	EndGlobalSection
EndGlobal
